
Microsoft Visual Studio Solution File, Format Version 12.00
# Visual Studio Version 17
VisualStudioVersion = 17.13.35828.75 d17.13
MinimumVisualStudioVersion = 10.0.40219.1
Project("{FAE04EC0-301F-11D3-BF4B-00C04F79EFBC}") = "conseptos", "conseptos\conseptos.csproj", "{E91FBCC5-5F9B-4AB3-AEC8-909116E65B45}"
EndProject
Global
	GlobalSection(SolutionConfigurationPlatforms) = preSolution
		Debug|Any CPU = Debug|Any CPU
		Release|Any CPU = Release|Any CPU
	EndGlobalSection
	GlobalSection(ProjectConfigurationPlatforms) = postSolution
		{E91FBCC5-5F9B-4AB3-AEC8-909116E65B45}.Debug|Any CPU.ActiveCfg = Debug|Any CPU
		{E91FBCC5-5F9B-4AB3-AEC8-909116E65B45}.Debug|Any CPU.Build.0 = Debug|Any CPU
		{E91FBCC5-5F9B-4AB3-AEC8-909116E65B45}.Release|Any CPU.ActiveCfg = Release|Any CPU
		{E91FBCC5-5F9B-4AB3-AEC8-909116E65B45}.Release|Any CPU.Build.0 = Release|Any CPU
	EndGlobalSection
	GlobalSection(SolutionProperties) = preSolution
		HideSolutionNode = FALSE
	EndGlobalSection
	GlobalSection(ExtensibilityGlobals) = postSolution
		SolutionGuid = {113120F8-7208-4DA2-9814-528F36500436}
	EndGlobalSection
EndGlobal
